
Microsoft Visual Studio Solution File, Format Version 12.00
# Visual Studio Version 17
VisualStudioVersion = 17.1.32421.90
MinimumVisualStudioVersion = 10.0.40219.1
Project("{FAE04EC0-301F-11D3-BF4B-00C04F79EFBC}") = "BusinessObjects", "BusinessObjects\BusinessObjects.csproj", "{C4A82277-5427-451F-A9FE-E8470F0AC3A8}"
EndProject
Project("{FAE04EC0-301F-11D3-BF4B-00C04F79EFBC}") = "Repositories", "Repositories\Repositories.csproj", "{BFB5AF04-1992-454B-9F68-D269082E5038}"
EndProject
Project("{FAE04EC0-301F-11D3-BF4B-00C04F79EFBC}") = "DataAccess", "DataAccess\DataAccess.csproj", "{7FE3A0D0-45E2-480C-8730-BC79FCC7D273}"
EndProject
Project("{FAE04EC0-301F-11D3-BF4B-00C04F79EFBC}") = "ManagerAPI", "ManagerAPI\ManagerAPI.csproj", "{1FA87D85-297C-4207-84BF-52CA00191CC4}"
EndProject
Project("{FAE04EC0-301F-11D3-BF4B-00C04F79EFBC}") = "ManagerClient", "ManagerClient\ManagerClient.csproj", "{E4FC621D-2FA6-41DD-9D8D-04841C50E784}"
EndProject
Global
	GlobalSection(SolutionConfigurationPlatforms) = preSolution
		Debug|Any CPU = Debug|Any CPU
		Release|Any CPU = Release|Any CPU
	EndGlobalSection
	GlobalSection(ProjectConfigurationPlatforms) = postSolution
		{C4A82277-5427-451F-A9FE-E8470F0AC3A8}.Debug|Any CPU.ActiveCfg = Debug|Any CPU
		{C4A82277-5427-451F-A9FE-E8470F0AC3A8}.Debug|Any CPU.Build.0 = Debug|Any CPU
		{C4A82277-5427-451F-A9FE-E8470F0AC3A8}.Release|Any CPU.ActiveCfg = Release|Any CPU
		{C4A82277-5427-451F-A9FE-E8470F0AC3A8}.Release|Any CPU.Build.0 = Release|Any CPU
		{BFB5AF04-1992-454B-9F68-D269082E5038}.Debug|Any CPU.ActiveCfg = Debug|Any CPU
		{BFB5AF04-1992-454B-9F68-D269082E5038}.Debug|Any CPU.Build.0 = Debug|Any CPU
		{BFB5AF04-1992-454B-9F68-D269082E5038}.Release|Any CPU.ActiveCfg = Release|Any CPU
		{BFB5AF04-1992-454B-9F68-D269082E5038}.Release|Any CPU.Build.0 = Release|Any CPU
		{7FE3A0D0-45E2-480C-8730-BC79FCC7D273}.Debug|Any CPU.ActiveCfg = Debug|Any CPU
		{7FE3A0D0-45E2-480C-8730-BC79FCC7D273}.Debug|Any CPU.Build.0 = Debug|Any CPU
		{7FE3A0D0-45E2-480C-8730-BC79FCC7D273}.Release|Any CPU.ActiveCfg = Release|Any CPU
		{7FE3A0D0-45E2-480C-8730-BC79FCC7D273}.Release|Any CPU.Build.0 = Release|Any CPU
		{1FA87D85-297C-4207-84BF-52CA00191CC4}.Debug|Any CPU.ActiveCfg = Debug|Any CPU
		{1FA87D85-297C-4207-84BF-52CA00191CC4}.Debug|Any CPU.Build.0 = Debug|Any CPU
		{1FA87D85-297C-4207-84BF-52CA00191CC4}.Release|Any CPU.ActiveCfg = Release|Any CPU
		{1FA87D85-297C-4207-84BF-52CA00191CC4}.Release|Any CPU.Build.0 = Release|Any CPU
		{E4FC621D-2FA6-41DD-9D8D-04841C50E784}.Debug|Any CPU.ActiveCfg = Debug|Any CPU
		{E4FC621D-2FA6-41DD-9D8D-04841C50E784}.Debug|Any CPU.Build.0 = Debug|Any CPU
		{E4FC621D-2FA6-41DD-9D8D-04841C50E784}.Release|Any CPU.ActiveCfg = Release|Any CPU
		{E4FC621D-2FA6-41DD-9D8D-04841C50E784}.Release|Any CPU.Build.0 = Release|Any CPU
	EndGlobalSection
	GlobalSection(SolutionProperties) = preSolution
		HideSolutionNode = FALSE
	EndGlobalSection
	GlobalSection(ExtensibilityGlobals) = postSolution
		SolutionGuid = {A52156F4-1E81-4BA0-9D7A-8D0A9A559AB2}
	EndGlobalSection
EndGlobal
